{
  "name": "comma",
  "version": "1.0.1",
  "lockfileVersion": 1,
  "requires": true,
  "dependencies": {
    "@types/glob": {
      "version": "7.1.3",
      "resolved": "https://registry.nlark.com/@types/glob/download/@types/glob-7.1.3.tgz",
      "integrity": "sha1-5rqA82t9qtLGhazZJmOC5omFwYM=",
      "dev": true,
      "requires": {
        "@types/minimatch": "*",
        "@types/node": "*"
      }
    },
    "@types/md5": {
      "version": "2.3.0",
      "resolved": "https://registry.nlark.com/@types/md5/download/@types/md5-2.3.0.tgz",
      "integrity": "sha1-O2piMJEWD03HW+MXPiXyEQ3D+h8=",
      "dev": true,
      "requires": {
        "@types/node": "*"
      }
    },
    "@types/minimatch": {
      "version": "3.0.4",
      "resolved": "https://registry.nlark.com/@types/minimatch/download/@types/minimatch-3.0.4.tgz",
      "integrity": "sha1-8Owl2/Lw5LGGRzE6wDETTKWySyE=",
      "dev": true
    },
    "@types/node": {
      "version": "15.12.5",
      "resolved": "https://registry.nlark.com/@types/node/download/@types/node-15.12.5.tgz?cache=0&sync_timestamp=1624763053899&other_urls=https%3A%2F%2Fregistry.nlark.com%2F%40types%2Fnode%2Fdownload%2F%40types%2Fnode-15.12.5.tgz",
      "integrity": "sha1-mngxikXXXJUj0jlhMb08ylSy0YU=",
      "dev": true
    },
    "@types/rimraf": {
      "version": "3.0.0",
      "resolved": "https://registry.nlark.com/@types/rimraf/download/@types/rimraf-3.0.0.tgz?cache=0&sync_timestamp=1621242557818&other_urls=https%3A%2F%2Fregistry.nlark.com%2F%40types%2Frimraf%2Fdownload%2F%40types%2Frimraf-3.0.0.tgz",
      "integrity": "sha1-udA/CQ7OJjZxiY1Xu3uwBwI6wZ8=",
      "dev": true,
      "requires": {
        "@types/glob": "*",
        "@types/node": "*"
      }
    }
  }
}
