# THIS IS AN AUTOGENERATED FILE. DO NOT EDIT THIS FILE DIRECTLY.
# yarn lockfile v1


"@types/ffmpeg-static@^3.0.0":
  version "3.0.0"
  resolved "https://registry.nlark.com/@types/ffmpeg-static/download/@types/ffmpeg-static-3.0.0.tgz#723c2349da9e095cfa0ee6e6c1d5d4c87bb76933"
  integrity sha1-cjwjSdqeCVz6DubmwdXUyHu3aTM=

"@types/ffprobe@^1.1.1":
  version "1.1.1"
  resolved "https://registry.yarnpkg.com/@types/ffprobe/-/ffprobe-1.1.1.tgz#1bb211147bdf0f666a0fbb3466149be9f8f03f01"
  integrity sha512-OxouWlc43bkUyOQZpXJKouJolrsuz2mlg09xlEbKPcHz3LcXPeWuHzd9oi1X/WFI5KeNcOGm9P0s+Ovl/lQPRg==

"@types/glob@*":
  version "7.1.3"
  resolved "https://registry.yarnpkg.com/@types/glob/-/glob-7.1.3.tgz#e6ba80f36b7daad2c685acd9266382e68985c183"
  integrity sha512-SEYeGAIQIQX8NN6LDKprLjbrd5dARM5EXsd8GI/A5l0apYI1fGMWgPHSe4ZKL4eozlAyI+doUE9XbYS4xCkQ1w==
  dependencies:
    "@types/minimatch" "*"
    "@types/node" "*"

"@types/md5@^2.3.0":
  version "2.3.0"
  resolved "https://registry.nlark.com/@types/md5/download/@types/md5-2.3.0.tgz#3b6a623091160f4dc75be3173e25f2110dc3fa1f"
  integrity sha1-O2piMJEWD03HW+MXPiXyEQ3D+h8=
  dependencies:
    "@types/node" "*"

"@types/minimatch@*":
  version "3.0.4"
  resolved "https://registry.yarnpkg.com/@types/minimatch/-/minimatch-3.0.4.tgz#f0ec25dbf2f0e4b18647313ac031134ca5b24b21"
  integrity sha512-1z8k4wzFnNjVK/tlxvrWuK5WMt6mydWWP7+zvH5eFep4oj+UkrfiJTRtjCeBXNpwaA/FYqqtb4/QS4ianFpIRA==

"@types/node@*":
  version "15.12.2"
  resolved "https://registry.nlark.com/@types/node/download/@types/node-15.12.2.tgz#1f2b42c4be7156ff4a6f914b2fb03d05fa84e38d"
  integrity sha1-HytCxL5xVv9Kb5FLL7A9BfqE440=

"@types/rimraf@^3.0.0":
  version "3.0.0"
  resolved "https://registry.yarnpkg.com/@types/rimraf/-/rimraf-3.0.0.tgz#b9d03f090ece263671898d57bb7bb007023ac19f"
  integrity sha512-7WhJ0MdpFgYQPXlF4Dx+DhgvlPCfz/x5mHaeDQAKhcenvQP1KCpLQ18JklAqeGMYSAT2PxLpzd0g2/HE7fj7hQ==
  dependencies:
    "@types/glob" "*"
    "@types/node" "*"

install@^0.13.0:
  version "0.13.0"
  resolved "https://registry.yarnpkg.com/install/-/install-0.13.0.tgz#6af6e9da9dd0987de2ab420f78e60d9c17260776"
  integrity sha512-zDml/jzr2PKU9I8J/xyZBQn8rPCAY//UOYNmR01XwNwyfhEWObo2SWfSl1+0tm1u6PhxLwDnfsT/6jB7OUxqFA==
