# THIS IS AN AUTOGENERATED FILE. DO NOT EDIT THIS FILE DIRECTLY.
# yarn lockfile v1


"@types/ffmpeg-static@^3.0.0":
  version "3.0.0"
  resolved "https://registry.nlark.com/@types/ffmpeg-static/download/@types/ffmpeg-static-3.0.0.tgz#723c2349da9e095cfa0ee6e6c1d5d4c87bb76933"
  integrity sha1-cjwjSdqeCVz6DubmwdXUyHu3aTM=

"@types/md5@^2.3.0":
  version "2.3.0"
  resolved "https://registry.nlark.com/@types/md5/download/@types/md5-2.3.0.tgz#3b6a623091160f4dc75be3173e25f2110dc3fa1f"
  integrity sha1-O2piMJEWD03HW+MXPiXyEQ3D+h8=
  dependencies:
    "@types/node" "*"

"@types/node@*":
  version "15.12.2"
  resolved "https://registry.nlark.com/@types/node/download/@types/node-15.12.2.tgz#1f2b42c4be7156ff4a6f914b2fb03d05fa84e38d"
  integrity sha1-HytCxL5xVv9Kb5FLL7A9BfqE440=
